# THIS IS AN AUTOGENERATED FILE. DO NOT EDIT THIS FILE DIRECTLY.
# yarn lockfile v1


bacon-node-line-stream@^1.0.0:
  version "1.0.0"
  resolved "https://registry.npmjs.org/bacon-node-line-stream/-/bacon-node-line-stream-1.0.0.tgz#0086202a32287ecf13221fce7e3450088a2bc4c2"
  dependencies:
    baconjs "^0.7.95"

baconjs@^0.7.95:
  version "0.7.95"
  resolved "https://registry.npmjs.org/baconjs/-/baconjs-0.7.95.tgz#96869a814c730e62e5991944eb2fcb8c97171615"

bluebird@^3.4.5:
  version "3.5.1"
  resolved "https://registry.npmjs.org/bluebird/-/bluebird-3.5.1.tgz#d9551f9de98f1fcda1e683d17ee91a0602ee2eb9"

fast-plist@^0.1.2:
  version "0.1.2"
  resolved "https://registry.npmjs.org/fast-plist/-/fast-plist-0.1.2.tgz#a45aff345196006d406ca6cdcd05f69051ef35b8"

foreachasync@^3.0.0:
  version "3.0.0"
  resolved "https://registry.npmjs.org/foreachasync/-/foreachasync-3.0.0.tgz#5502987dc8714be3392097f32e0071c9dee07cf6"

infestines@^0.4.5:
  version "0.4.5"
  resolved "https://registry.npmjs.org/infestines/-/infestines-0.4.5.tgz#44ec6b226d66c7f34c292f6f6d2dcbb194ac1231"

partial.lenses@^13.0.0:
  version "13.1.1"
  resolved "https://registry.npmjs.org/partial.lenses/-/partial.lenses-13.1.1.tgz#672555a007657fa97f86f05aa35950fad3c47e8b"
  dependencies:
    infestines "^0.4.5"

ramda@^0.25.0:
  version "0.25.0"
  resolved "https://registry.npmjs.org/ramda/-/ramda-0.25.0.tgz#8fdf68231cffa90bc2f9460390a0cb74a29b29a9"

walk@^2.3.9:
  version "2.3.9"
  resolved "https://registry.npmjs.org/walk/-/walk-2.3.9.tgz#31b4db6678f2ae01c39ea9fb8725a9031e558a7b"
  dependencies:
    foreachasync "^3.0.0"
